
Microsoft Visual Studio Solution File, Format Version 12.00
# Visual Studio Version 17
VisualStudioVersion = 17.11.35327.3
MinimumVisualStudioVersion = 10.0.40219.1
Project("{FAE04EC0-301F-11D3-BF4B-00C04F79EFBC}") = "Assignment 5 - Personal Website", "Assignment 5 - Personal Website.csproj", "{448BAA8C-8E29-4694-8C3B-FC8AB2AD24DC}"
EndProject
Global
	GlobalSection(SolutionConfigurationPlatforms) = preSolution
		Debug|Any CPU = Debug|Any CPU
		Release|Any CPU = Release|Any CPU
	EndGlobalSection
	GlobalSection(ProjectConfigurationPlatforms) = postSolution
		{448BAA8C-8E29-4694-8C3B-FC8AB2AD24DC}.Debug|Any CPU.ActiveCfg = Debug|Any CPU
		{448BAA8C-8E29-4694-8C3B-FC8AB2AD24DC}.Debug|Any CPU.Build.0 = Debug|Any CPU
		{448BAA8C-8E29-4694-8C3B-FC8AB2AD24DC}.Release|Any CPU.ActiveCfg = Release|Any CPU
		{448BAA8C-8E29-4694-8C3B-FC8AB2AD24DC}.Release|Any CPU.Build.0 = Release|Any CPU
	EndGlobalSection
	GlobalSection(SolutionProperties) = preSolution
		HideSolutionNode = FALSE
	EndGlobalSection
	GlobalSection(ExtensibilityGlobals) = postSolution
		SolutionGuid = {909887A1-AF8E-41F9-A0B8-622F97065C8B}
	EndGlobalSection
EndGlobal
