
Microsoft Visual Studio Solution File, Format Version 12.00
# Visual Studio Version 17
VisualStudioVersion = 17.11.35208.52
MinimumVisualStudioVersion = 10.0.40219.1
Project("{FAE04EC0-301F-11D3-BF4B-00C04F79EFBC}") = "Assignment 4 - Drink Vending Machine Simulator App", "Assignment 4 - Drink Vending Machine Simulator App.csproj", "{995E2F56-3F4D-4343-9893-F7B1597D20A2}"
EndProject
Global
	GlobalSection(SolutionConfigurationPlatforms) = preSolution
		Debug|Any CPU = Debug|Any CPU
		Release|Any CPU = Release|Any CPU
	EndGlobalSection
	GlobalSection(ProjectConfigurationPlatforms) = postSolution
		{995E2F56-3F4D-4343-9893-F7B1597D20A2}.Debug|Any CPU.ActiveCfg = Debug|Any CPU
		{995E2F56-3F4D-4343-9893-F7B1597D20A2}.Debug|Any CPU.Build.0 = Debug|Any CPU
		{995E2F56-3F4D-4343-9893-F7B1597D20A2}.Release|Any CPU.ActiveCfg = Release|Any CPU
		{995E2F56-3F4D-4343-9893-F7B1597D20A2}.Release|Any CPU.Build.0 = Release|Any CPU
	EndGlobalSection
	GlobalSection(SolutionProperties) = preSolution
		HideSolutionNode = FALSE
	EndGlobalSection
	GlobalSection(ExtensibilityGlobals) = postSolution
		SolutionGuid = {F8C23293-A4FD-42ED-85E8-D5606F73C028}
	EndGlobalSection
EndGlobal
